
Microsoft Visual Studio Solution File, Format Version 12.00
# Visual Studio Version 16
VisualStudioVersion = 16.0.30523.141
MinimumVisualStudioVersion = 10.0.40219.1
Project("{888888A0-9F3D-457C-B088-3A5042F75D52}") = "PyDWMG", "PyDWMG.pyproj", "{73D1AB50-DF07-4FD0-B28D-71448EEB5AF4}"
EndProject
Global
	GlobalSection(SolutionConfigurationPlatforms) = preSolution
		Debug|Any CPU = Debug|Any CPU
		Release|Any CPU = Release|Any CPU
	EndGlobalSection
	GlobalSection(ProjectConfigurationPlatforms) = postSolution
		{73D1AB50-DF07-4FD0-B28D-71448EEB5AF4}.Debug|Any CPU.ActiveCfg = Debug|Any CPU
		{73D1AB50-DF07-4FD0-B28D-71448EEB5AF4}.Release|Any CPU.ActiveCfg = Release|Any CPU
	EndGlobalSection
	GlobalSection(SolutionProperties) = preSolution
		HideSolutionNode = FALSE
	EndGlobalSection
	GlobalSection(ExtensibilityGlobals) = postSolution
		SolutionGuid = {0703ECE0-C2AA-417C-ADC0-2916828F7CDB}
	EndGlobalSection
EndGlobal
